
Microsoft Visual Studio Solution File, Format Version 11.00
# Visual Studio 2010
Project("{FAE04EC0-301F-11D3-BF4B-00C04F79EFBC}") = "Assembly-CSharp", "Assembly-CSharp.csproj", "{e4d4e73b-bb53-e2cb-edad-0ef16b792304}"
EndProject
Project("{FAE04EC0-301F-11D3-BF4B-00C04F79EFBC}") = "Assembly-CSharp-Editor", "Assembly-CSharp-Editor.csproj", "{f7e80938-d41e-b3b9-b193-570d421a8518}"
EndProject
Global
	GlobalSection(SolutionConfigurationPlatforms) = preSolution
		Debug|Any CPU = Debug|Any CPU
	EndGlobalSection
	GlobalSection(ProjectConfigurationPlatforms) = postSolution
		{e4d4e73b-bb53-e2cb-edad-0ef16b792304}.Debug|Any CPU.ActiveCfg = Debug|Any CPU
		{e4d4e73b-bb53-e2cb-edad-0ef16b792304}.Debug|Any CPU.Build.0 = Debug|Any CPU
		{f7e80938-d41e-b3b9-b193-570d421a8518}.Debug|Any CPU.ActiveCfg = Debug|Any CPU
		{f7e80938-d41e-b3b9-b193-570d421a8518}.Debug|Any CPU.Build.0 = Debug|Any CPU
	EndGlobalSection
	GlobalSection(SolutionProperties) = preSolution
		HideSolutionNode = FALSE
	EndGlobalSection
EndGlobal
